{
  "requires": true,
  "lockfileVersion": 1,
  "dependencies": {
    "react-use-cart": {
      "version": "1.13.0",
      "resolved": "https://registry.npmjs.org/react-use-cart/-/react-use-cart-1.13.0.tgz",
      "integrity": "sha512-V3jrNOgBXxTn/RWh1HCEdrQk/jx2xCixdkX1c7Vyl4zxEf9jOuniUnjZSTALO7rQ5226onqmvXxKz1eu0Yz6Iw=="
    }
  }
}
